
Microsoft Visual Studio Solution File, Format Version 12.00
# Visual Studio Version 17
VisualStudioVersion = 17.0.32112.339
MinimumVisualStudioVersion = 10.0.40219.1
Project("{FAE04EC0-301F-11D3-BF4B-00C04F79EFBC}") = "AppKeener", "AppKeener\AppKeener.csproj", "{758FA25C-76E0-407E-B152-5072743334D8}"
EndProject
Global
	GlobalSection(SolutionConfigurationPlatforms) = preSolution
		Debug|Any CPU = Debug|Any CPU
		Release|Any CPU = Release|Any CPU
	EndGlobalSection
	GlobalSection(ProjectConfigurationPlatforms) = postSolution
		{758FA25C-76E0-407E-B152-5072743334D8}.Debug|Any CPU.ActiveCfg = Debug|Any CPU
		{758FA25C-76E0-407E-B152-5072743334D8}.Debug|Any CPU.Build.0 = Debug|Any CPU
		{758FA25C-76E0-407E-B152-5072743334D8}.Release|Any CPU.ActiveCfg = Release|Any CPU
		{758FA25C-76E0-407E-B152-5072743334D8}.Release|Any CPU.Build.0 = Release|Any CPU
	EndGlobalSection
	GlobalSection(SolutionProperties) = preSolution
		HideSolutionNode = FALSE
	EndGlobalSection
	GlobalSection(ExtensibilityGlobals) = postSolution
		SolutionGuid = {0787A56E-54F4-4B40-BAA8-8C77A83BB9F2}
	EndGlobalSection
EndGlobal
